// !$*UTF8*$!
{
	archiveVersion = 1;
	classes = {
	};
	objectVersion = 46;
	objects = {

/* Begin PBXBuildFile section */
		3137C6231E5AEE8900313023 /* AppDelegate.swift in Sources */ = {isa = PBXBuildFile; fileRef = 3137C6221E5AEE8900313023 /* AppDelegate.swift */; };
		3137C6251E5AEE8900313023 /* ViewController.swift in Sources */ = {isa = PBXBuildFile; fileRef = 3137C6241E5AEE8900313023 /* ViewController.swift */; };
		3137C6281E5AEE8900313023 /* Main.storyboard in Resources */ = {isa = PBXBuildFile; fileRef = 3137C6261E5AEE8900313023 /* Main.storyboard */; };
		3137C62B1E5AEE8900313023 /* Calculator_SF.xcdatamodeld in Sources */ = {isa = PBXBuildFile; fileRef = 3137C6291E5AEE8900313023 /* Calculator_SF.xcdatamodeld */; };
		3137C62D1E5AEE8900313023 /* Assets.xcassets in Resources */ = {isa = PBXBuildFile; fileRef = 3137C62C1E5AEE8900313023 /* Assets.xcassets */; };
		3137C6301E5AEE8900313023 /* LaunchScreen.storyboard in Resources */ = {isa = PBXBuildFile; fileRef = 3137C62E1E5AEE8900313023 /* LaunchScreen.storyboard */; };
		3137C63B1E5AEE8900313023 /* Calculator_SFTests.swift in Sources */ = {isa = PBXBuildFile; fileRef = 3137C63A1E5AEE8900313023 /* Calculator_SFTests.swift */; };
		3137C6461E5AEE8900313023 /* Calculator_SFUITests.swift in Sources */ = {isa = PBXBuildFile; fileRef = 3137C6451E5AEE8900313023 /* Calculator_SFUITests.swift */; };
/* End PBXBuildFile section */

/* Begin PBXContainerItemProxy section */
		3137C6371E5AEE8900313023 /* PBXContainerItemProxy */ = {
			isa = PBXContainerItemProxy;
			containerPortal = 3137C6171E5AEE8900313023 /* Project object */;
			proxyType = 1;
			remoteGlobalIDString = 3137C61E1E5AEE8900313023;
			remoteInfo = Calculator_SF;
		};
		3137C6421E5AEE8900313023 /* PBXContainerItemProxy */ = {
			isa = PBXContainerItemProxy;
			containerPortal = 3137C6171E5AEE8900313023 /* Project object */;
			proxyType = 1;
			remoteGlobalIDString = 3137C61E1E5AEE8900313023;
			remoteInfo = Calculator_SF;
		};
/* End PBXContainerItemProxy section */

/* Begin PBXFileReference section */
		3137C61F1E5AEE8900313023 /* Calculator_SF.app */ = {isa = PBXFileReference; explicitFileType = wrapper.application; includeInIndex = 0; path = Calculator_SF.app; sourceTree = BUILT_PRODUCTS_DIR; };
		3137C6221E5AEE8900313023 /* AppDelegate.swift */ = {isa = PBXFileReference; lastKnownFileType = sourcecode.swift; path = AppDelegate.swift; sourceTree = "<group>"; };
		3137C6241E5AEE8900313023 /* ViewController.swift */ = {isa = PBXFileReference; lastKnownFileType = sourcecode.swift; path = ViewController.swift; sourceTree = "<group>"; };
		3137C6271E5AEE8900313023 /* Base */ = {isa = PBXFileReference; lastKnownFileType = file.storyboard; name = Base; path = Base.lproj/Main.storyboard; sourceTree = "<group>"; };
		3137C62A1E5AEE8900313023 /* Calculator_SF.xcdatamodel */ = {isa = PBXFileReference; lastKnownFileType = wrapper.xcdatamodel; path = Calculator_SF.xcdatamodel; sourceTree = "<group>"; };
		3137C62C1E5AEE8900313023 /* Assets.xcassets */ = {isa = PBXFileReference; lastKnownFileType = folder.assetcatalog; path = Assets.xcassets; sourceTree = "<group>"; };
		3137C62F1E5AEE8900313023 /* Base */ = {isa = PBXFileReference; lastKnownFileType = file.storyboard; name = Base; path = Base.lproj/LaunchScreen.storyboard; sourceTree = "<group>"; };
		3137C6311E5AEE8900313023 /* Info.plist */ = {isa = PBXFileReference; lastKnownFileType = text.plist.xml; path = Info.plist; sourceTree = "<group>"; };
		3137C6361E5AEE8900313023 /* Calculator_SFTests.xctest */ = {isa = PBXFileReference; explicitFileType = wrapper.cfbundle; includeInIndex = 0; path = Calculator_SFTests.xctest; sourceTree = BUILT_PRODUCTS_DIR; };
		3137C63A1E5AEE8900313023 /* Calculator_SFTests.swift */ = {isa = PBXFileReference; lastKnownFileType = sourcecode.swift; path = Calculator_SFTests.swift; sourceTree = "<group>"; };
		3137C63C1E5AEE8900313023 /* Info.plist */ = {isa = PBXFileReference; lastKnownFileType = text.plist.xml; path = Info.plist; sourceTree = "<group>"; };
		3137C6411E5AEE8900313023 /* Calculator_SFUITests.xctest */ = {isa = PBXFileReference; explicitFileType = wrapper.cfbundle; includeInIndex = 0; path = Calculator_SFUITests.xctest; sourceTree = BUILT_PRODUCTS_DIR; };
		3137C6451E5AEE8900313023 /* Calculator_SFUITests.swift */ = {isa = PBXFileReference; lastKnownFileType = sourcecode.swift; path = Calculator_SFUITests.swift; sourceTree = "<group>"; };
		3137C6471E5AEE8900313023 /* Info.plist */ = {isa = PBXFileReference; lastKnownFileType = text.plist.xml; path = Info.plist; sourceTree = "<group>"; };
/* End PBXFileReference section */

/* Begin PBXFrameworksBuildPhase section */
		3137C61C1E5AEE8900313023 /* Frameworks */ = {
			isa = PBXFrameworksBuildPhase;
			buildActionMask = 2147483647;
			files = (
			);
			runOnlyForDeploymentPostprocessing = 0;
		};
		3137C6331E5AEE8900313023 /* Frameworks */ = {
			isa = PBXFrameworksBuildPhase;
			buildActionMask = 2147483647;
			files = (
			);
			runOnlyForDeploymentPostprocessing = 0;
		};
		3137C63E1E5AEE8900313023 /* Frameworks */ = {
			isa = PBXFrameworksBuildPhase;
			buildActionMask = 2147483647;
			files = (
			);
			runOnlyForDeploymentPostprocessing = 0;
		};
/* End PBXFrameworksBuildPhase section */

/* Begin PBXGroup section */
		3137C6161E5AEE8900313023 = {
			isa = PBXGroup;
			children = (
				3137C6211E5AEE8900313023 /* Calculator_SF */,
				3137C6391E5AEE8900313023 /* Calculator_SFTests */,
				3137C6441E5AEE8900313023 /* Calculator_SFUITests */,
				3137C6201E5AEE8900313023 /* Products */,
			);
			sourceTree = "<group>";
		};
		3137C6201E5AEE8900313023 /* Products */ = {
			isa = PBXGroup;
			children = (
				3137C61F1E5AEE8900313023 /* Calculator_SF.app */,
				3137C6361E5AEE8900313023 /* Calculator_SFTests.xctest */,
				3137C6411E5AEE8900313023 /* Calculator_SFUITests.xctest */,
			);
			name = Products;
			sourceTree = "<group>";
		};
		3137C6211E5AEE8900313023 /* Calculator_SF */ = {
			isa = PBXGroup;
			children = (
				3137C6221E5AEE8900313023 /* AppDelegate.swift */,
				3137C6241E5AEE8900313023 /* ViewController.swift */,
				3137C6261E5AEE8900313023 /* Main.storyboard */,
				3137C62C1E5AEE8900313023 /* Assets.xcassets */,
				3137C62E1E5AEE8900313023 /* LaunchScreen.storyboard */,
				3137C6311E5AEE8900313023 /* Info.plist */,
				3137C6291E5AEE8900313023 /* Calculator_SF.xcdatamodeld */,
			);
			path = Calculator_SF;
			sourceTree = "<group>";
		};
		3137C6391E5AEE8900313023 /* Calculator_SFTests */ = {
			isa = PBXGroup;
			children = (
				3137C63A1E5AEE8900313023 /* Calculator_SFTests.swift */,
				3137C63C1E5AEE8900313023 /* Info.plist */,
			);
			path = Calculator_SFTests;
			sourceTree = "<group>";
		};
		3137C6441E5AEE8900313023 /* Calculator_SFUITests */ = {
			isa = PBXGroup;
			children = (
				3137C6451E5AEE8900313023 /* Calculator_SFUITests.swift */,
				3137C6471E5AEE8900313023 /* Info.plist */,
			);
			path = Calculator_SFUITests;
			sourceTree = "<group>";
		};
/* End PBXGroup section */

/* Begin PBXNativeTarget section */
		3137C61E1E5AEE8900313023 /* Calculator_SF */ = {
			isa = PBXNativeTarget;
			buildConfigurationList = 3137C64A1E5AEE8900313023 /* Build configuration list for PBXNativeTarget "Calculator_SF" */;
			buildPhases = (
				3137C61B1E5AEE8900313023 /* Sources */,
				3137C61C1E5AEE8900313023 /* Frameworks */,
				3137C61D1E5AEE8900313023 /* Resources */,
			);
			buildRules = (
			);
			dependencies = (
			);
			name = Calculator_SF;
			productName = Calculator_SF;
			productReference = 3137C61F1E5AEE8900313023 /* Calculator_SF.app */;
			productType = "com.apple.product-type.application";
		};
		3137C6351E5AEE8900313023 /* Calculator_SFTests */ = {
			isa = PBXNativeTarget;
			buildConfigurationList = 3137C64D1E5AEE8900313023 /* Build configuration list for PBXNativeTarget "Calculator_SFTests" */;
			buildPhases = (
				3137C6321E5AEE8900313023 /* Sources */,
				3137C6331E5AEE8900313023 /* Frameworks */,
				3137C6341E5AEE8900313023 /* Resources */,
			);
			buildRules = (
			);
			dependencies = (
				3137C6381E5AEE8900313023 /* PBXTargetDependency */,
			);
			name = Calculator_SFTests;
			productName = Calculator_SFTests;
			productReference = 3137C6361E5AEE8900313023 /* Calculator_SFTests.xctest */;
			productType = "com.apple.product-type.bundle.unit-test";
		};
		3137C6401E5AEE8900313023 /* Calculator_SFUITests */ = {
			isa = PBXNativeTarget;
			buildConfigurationList = 3137C6501E5AEE8900313023 /* Build configuration list for PBXNativeTarget "Calculator_SFUITests" */;
			buildPhases = (
				3137C63D1E5AEE8900313023 /* Sources */,
				3137C63E1E5AEE8900313023 /* Frameworks */,
				3137C63F1E5AEE8900313023 /* Resources */,
			);
			buildRules = (
			);
			dependencies = (
				3137C6431E5AEE8900313023 /* PBXTargetDependency */,
			);
			name = Calculator_SFUITests;
			productName = Calculator_SFUITests;
			productReference = 3137C6411E5AEE8900313023 /* Calculator_SFUITests.xctest */;
			productType = "com.apple.product-type.bundle.ui-testing";
		};
/* End PBXNativeTarget section */

/* Begin PBXProject section */
		3137C6171E5AEE8900313023 /* Project object */ = {
			isa = PBXProject;
			attributes = {
				LastSwiftUpdateCheck = 0820;
				LastUpgradeCheck = 0820;
				ORGANIZATIONNAME = YNKJMACMINI1;
				TargetAttributes = {
					3137C61E1E5AEE8900313023 = {
						CreatedOnToolsVersion = 8.2.1;
						DevelopmentTeam = BA8M5YS8VM;
						ProvisioningStyle = Automatic;
					};
					3137C6351E5AEE8900313023 = {
						CreatedOnToolsVersion = 8.2.1;
						DevelopmentTeam = BA8M5YS8VM;
						ProvisioningStyle = Automatic;
						TestTargetID = 3137C61E1E5AEE8900313023;
					};
					3137C6401E5AEE8900313023 = {
						CreatedOnToolsVersion = 8.2.1;
						DevelopmentTeam = BA8M5YS8VM;
						ProvisioningStyle = Automatic;
						TestTargetID = 3137C61E1E5AEE8900313023;
					};
				};
			};
			buildConfigurationList = 3137C61A1E5AEE8900313023 /* Build configuration list for PBXProject "Calculator_SF" */;
			compatibilityVersion = "Xcode 3.2";
			developmentRegion = English;
			hasScannedForEncodings = 0;
			knownRegions = (
				en,
				Base,
			);
			mainGroup = 3137C6161E5AEE8900313023;
			productRefGroup = 3137C6201E5AEE8900313023 /* Products */;
			projectDirPath = "";
			projectRoot = "";
			targets = (
				3137C61E1E5AEE8900313023 /* Calculator_SF */,
				3137C6351E5AEE8900313023 /* Calculator_SFTests */,
				3137C6401E5AEE8900313023 /* Calculator_SFUITests */,
			);
		};
/* End PBXProject section */

/* Begin PBXResourcesBuildPhase section */
		3137C61D1E5AEE8900313023 /* Resources */ = {
			isa = PBXResourcesBuildPhase;
			buildActionMask = 2147483647;
			files = (
				3137C6301E5AEE8900313023 /* LaunchScreen.storyboard in Resources */,
				3137C62D1E5AEE8900313023 /* Assets.xcassets in Resources */,
				3137C6281E5AEE8900313023 /* Main.storyboard in Resources */,
			);
			runOnlyForDeploymentPostprocessing = 0;
		};
		3137C6341E5AEE8900313023 /* Resources */ = {
			isa = PBXResourcesBuildPhase;
			buildActionMask = 2147483647;
			files = (
			);
			runOnlyForDeploymentPostprocessing = 0;
		};
		3137C63F1E5AEE8900313023 /* Resources */ = {
			isa = PBXResourcesBuildPhase;
			buildActionMask = 2147483647;
			files = (
			);
			runOnlyForDeploymentPostprocessing = 0;
		};
/* End PBXResourcesBuildPhase section */

/* Begin PBXSourcesBuildPhase section */
		3137C61B1E5AEE8900313023 /* Sources */ = {
			isa = PBXSourcesBuildPhase;
			buildActionMask = 2147483647;
			files = (
				3137C62B1E5AEE8900313023 /* Calculator_SF.xcdatamodeld in Sources */,
				3137C6251E5AEE8900313023 /* ViewController.swift in Sources */,
				3137C6231E5AEE8900313023 /* AppDelegate.swift in Sources */,
			);
			runOnlyForDeploymentPostprocessing = 0;
		};
		3137C6321E5AEE8900313023 /* Sources */ = {
			isa = PBXSourcesBuildPhase;
			buildActionMask = 2147483647;
			files = (
				3137C63B1E5AEE8900313023 /* Calculator_SFTests.swift in Sources */,
			);
			runOnlyForDeploymentPostprocessing = 0;
		};
		3137C63D1E5AEE8900313023 /* Sources */ = {
			isa = PBXSourcesBuildPhase;
			buildActionMask = 2147483647;
			files = (
				3137C6461E5AEE8900313023 /* Calculator_SFUITests.swift in Sources */,
			);
			runOnlyForDeploymentPostprocessing = 0;
		};
/* End PBXSourcesBuildPhase section */

/* Begin PBXTargetDependency section */
		3137C6381E5AEE8900313023 /* PBXTargetDependency */ = {
			isa = PBXTargetDependency;
			target = 3137C61E1E5AEE8900313023 /* Calculator_SF */;
			targetProxy = 3137C6371E5AEE8900313023 /* PBXContainerItemProxy */;
		};
		3137C6431E5AEE8900313023 /* PBXTargetDependency */ = {
			isa = PBXTargetDependency;
			target = 3137C61E1E5AEE8900313023 /* Calculator_SF */;
			targetProxy = 3137C6421E5AEE8900313023 /* PBXContainerItemProxy */;
		};
/* End PBXTargetDependency section */

/* Begin PBXVariantGroup section */
		3137C6261E5AEE8900313023 /* Main.storyboard */ = {
			isa = PBXVariantGroup;
			children = (
				3137C6271E5AEE8900313023 /* Base */,
			);
			name = Main.storyboard;
			sourceTree = "<group>";
		};
		3137C62E1E5AEE8900313023 /* LaunchScreen.storyboard */ = {
			isa = PBXVariantGroup;
			children = (
				3137C62F1E5AEE8900313023 /* Base */,
			);
			name = LaunchScreen.storyboard;
			sourceTree = "<group>";
		};
/* End PBXVariantGroup section */

/* Begin XCBuildConfiguration section */
		3137C6481E5AEE8900313023 /* Debug */ = {
			isa = XCBuildConfiguration;
			buildSettings = {
				ALWAYS_SEARCH_USER_PATHS = NO;
				CLANG_ANALYZER_NONNULL = YES;
				CLANG_CXX_LANGUAGE_STANDARD = "gnu++0x";
				CLANG_CXX_LIBRARY = "libc++";
				CLANG_ENABLE_MODULES = YES;
				CLANG_ENABLE_OBJC_ARC = YES;
				CLANG_WARN_BOOL_CONVERSION = YES;
				CLANG_WARN_CONSTANT_CONVERSION = YES;
				CLANG_WARN_DIRECT_OBJC_ISA_USAGE = YES_ERROR;
				CLANG_WARN_DOCUMENTATION_COMMENTS = YES;
				CLANG_WARN_EMPTY_BODY = YES;
				CLANG_WARN_ENUM_CONVERSION = YES;
				CLANG_WARN_INFINITE_RECURSION = YES;
				CLANG_WARN_INT_CONVERSION = YES;
				CLANG_WARN_OBJC_ROOT_CLASS = YES_ERROR;
				CLANG_WARN_SUSPICIOUS_MOVE = YES;
				CLANG_WARN_UNREACHABLE_CODE = YES;
				CLANG_WARN__DUPLICATE_METHOD_MATCH = YES;
				"CODE_SIGN_IDENTITY[sdk=iphoneos*]" = "iPhone Developer";
				COPY_PHASE_STRIP = NO;
				DEBUG_INFORMATION_FORMAT = dwarf;
				ENABLE_STRICT_OBJC_MSGSEND = YES;
				ENABLE_TESTABILITY = YES;
				GCC_C_LANGUAGE_STANDARD = gnu99;
				GCC_DYNAMIC_NO_PIC = NO;
				GCC_NO_COMMON_BLOCKS = YES;
				GCC_OPTIMIZATION_LEVEL = 0;
				GCC_PREPROCESSOR_DEFINITIONS = (
					"DEBUG=1",
					"$(inherited)",
				);
				GCC_WARN_64_TO_32_BIT_CONVERSION = YES;
				GCC_WARN_ABOUT_RETURN_TYPE = YES_ERROR;
				GCC_WARN_UNDECLARED_SELECTOR = YES;
				GCC_WARN_UNINITIALIZED_AUTOS = YES_AGGRESSIVE;
				GCC_WARN_UNUSED_FUNCTION = YES;
				GCC_WARN_UNUSED_VARIABLE = YES;
				IPHONEOS_DEPLOYMENT_TARGET = 10.2;
				MTL_ENABLE_DEBUG_INFO = YES;
				ONLY_ACTIVE_ARCH = YES;
				SDKROOT = iphoneos;
				SWIFT_ACTIVE_COMPILATION_CONDITIONS = DEBUG;
				SWIFT_OPTIMIZATION_LEVEL = "-Onone";
				TARGETED_DEVICE_FAMILY = "1,2";
			};
			name = Debug;
		};
		3137C6491E5AEE8900313023 /* Release */ = {
			isa = XCBuildConfiguration;
			buildSettings = {
				ALWAYS_SEARCH_USER_PATHS = NO;
				CLANG_ANALYZER_NONNULL = YES;
				CLANG_CXX_LANGUAGE_STANDARD = "gnu++0x";
				CLANG_CXX_LIBRARY = "libc++";
				CLANG_ENABLE_MODULES = YES;
				CLANG_ENABLE_OBJC_ARC = YES;
				CLANG_WARN_BOOL_CONVERSION = YES;
				CLANG_WARN_CONSTANT_CONVERSION = YES;
				CLANG_WARN_DIRECT_OBJC_ISA_USAGE = YES_ERROR;
				CLANG_WARN_DOCUMENTATION_COMMENTS = YES;
				CLANG_WARN_EMPTY_BODY = YES;
				CLANG_WARN_ENUM_CONVERSION = YES;
				CLANG_WARN_INFINITE_RECURSION = YES;
				CLANG_WARN_INT_CONVERSION = YES;
				CLANG_WARN_OBJC_ROOT_CLASS = YES_ERROR;
				CLANG_WARN_SUSPICIOUS_MOVE = YES;
				CLANG_WARN_UNREACHABLE_CODE = YES;
				CLANG_WARN__DUPLICATE_METHOD_MATCH = YES;
				"CODE_SIGN_IDENTITY[sdk=iphoneos*]" = "iPhone Developer";
				COPY_PHASE_STRIP = NO;
				DEBUG_INFORMATION_FORMAT = "dwarf-with-dsym";
				ENABLE_NS_ASSERTIONS = NO;
				ENABLE_STRICT_OBJC_MSGSEND = YES;
				GCC_C_LANGUAGE_STANDARD = gnu99;
				GCC_NO_COMMON_BLOCKS = YES;
				GCC_WARN_64_TO_32_BIT_CONVERSION = YES;
				GCC_WARN_ABOUT_RETURN_TYPE = YES_ERROR;
				GCC_WARN_UNDECLARED_SELECTOR = YES;
				GCC_WARN_UNINITIALIZED_AUTOS = YES_AGGRESSIVE;
				GCC_WARN_UNUSED_FUNCTION = YES;
				GCC_WARN_UNUSED_VARIABLE = YES;
				IPHONEOS_DEPLOYMENT_TARGET = 10.2;
				MTL_ENABLE_DEBUG_INFO = NO;
				SDKROOT = iphoneos;
				SWIFT_OPTIMIZATION_LEVEL = "-Owholemodule";
				TARGETED_DEVICE_FAMILY = "1,2";
				VALIDATE_PRODUCT = YES;
			};
			name = Release;
		};
		3137C64B1E5AEE8900313023 /* Debug */ = {
			isa = XCBuildConfiguration;
			buildSettings = {
				ASSETCATALOG_COMPILER_APPICON_NAME = AppIcon;
				DEVELOPMENT_TEAM = BA8M5YS8VM;
				INFOPLIST_FILE = Calculator_SF/Info.plist;
				LD_RUNPATH_SEARCH_PATHS = "$(inherited) @executable_path/Frameworks";
				PRODUCT_BUNDLE_IDENTIFIER = "chinaman.Calculator-SF";
				PRODUCT_NAME = "$(TARGET_NAME)";
				SWIFT_VERSION = 3.0;
			};
			name = Debug;
		};
		3137C64C1E5AEE8900313023 /* Release */ = {
			isa = XCBuildConfiguration;
			buildSettings = {
				ASSETCATALOG_COMPILER_APPICON_NAME = AppIcon;
				DEVELOPMENT_TEAM = BA8M5YS8VM;
				INFOPLIST_FILE = Calculator_SF/Info.plist;
				LD_RUNPATH_SEARCH_PATHS = "$(inherited) @executable_path/Frameworks";
				PRODUCT_BUNDLE_IDENTIFIER = "chinaman.Calculator-SF";
				PRODUCT_NAME = "$(TARGET_NAME)";
				SWIFT_VERSION = 3.0;
			};
			name = Release;
		};
		3137C64E1E5AEE8900313023 /* Debug */ = {
			isa = XCBuildConfiguration;
			buildSettings = {
				ALWAYS_EMBED_SWIFT_STANDARD_LIBRARIES = YES;
				BUNDLE_LOADER = "$(TEST_HOST)";
				DEVELOPMENT_TEAM = BA8M5YS8VM;
				INFOPLIST_FILE = Calculator_SFTests/Info.plist;
				LD_RUNPATH_SEARCH_PATHS = "$(inherited) @executable_path/Frameworks @loader_path/Frameworks";
				PRODUCT_BUNDLE_IDENTIFIER = "chinaman.Calculator-SFTests";
				PRODUCT_NAME = "$(TARGET_NAME)";
				SWIFT_VERSION = 3.0;
				TEST_HOST = "$(BUILT_PRODUCTS_DIR)/Calculator_SF.app/Calculator_SF";
			};
			name = Debug;
		};
		3137C64F1E5AEE8900313023 /* Release */ = {
			isa = XCBuildConfiguration;
			buildSettings = {
				ALWAYS_EMBED_SWIFT_STANDARD_LIBRARIES = YES;
				BUNDLE_LOADER = "$(TEST_HOST)";
				DEVELOPMENT_TEAM = BA8M5YS8VM;
				INFOPLIST_FILE = Calculator_SFTests/Info.plist;
				LD_RUNPATH_SEARCH_PATHS = "$(inherited) @executable_path/Frameworks @loader_path/Frameworks";
				PRODUCT_BUNDLE_IDENTIFIER = "chinaman.Calculator-SFTests";
				PRODUCT_NAME = "$(TARGET_NAME)";
				SWIFT_VERSION = 3.0;
				TEST_HOST = "$(BUILT_PRODUCTS_DIR)/Calculator_SF.app/Calculator_SF";
			};
			name = Release;
		};
		3137C6511E5AEE8900313023 /* Debug */ = {
			isa = XCBuildConfiguration;
			buildSettings = {
				ALWAYS_EMBED_SWIFT_STANDARD_LIBRARIES = YES;
				DEVELOPMENT_TEAM = BA8M5YS8VM;
				INFOPLIST_FILE = Calculator_SFUITests/Info.plist;
				LD_RUNPATH_SEARCH_PATHS = "$(inherited) @executable_path/Frameworks @loader_path/Frameworks";
				PRODUCT_BUNDLE_IDENTIFIER = "chinaman.Calculator-SFUITests";
				PRODUCT_NAME = "$(TARGET_NAME)";
				SWIFT_VERSION = 3.0;
				TEST_TARGET_NAME = Calculator_SF;
			};
			name = Debug;
		};
		3137C6521E5AEE8900313023 /* Release */ = {
			isa = XCBuildConfiguration;
			buildSettings = {
				ALWAYS_EMBED_SWIFT_STANDARD_LIBRARIES = YES;
				DEVELOPMENT_TEAM = BA8M5YS8VM;
				INFOPLIST_FILE = Calculator_SFUITests/Info.plist;
				LD_RUNPATH_SEARCH_PATHS = "$(inherited) @executable_path/Frameworks @loader_path/Frameworks";
				PRODUCT_BUNDLE_IDENTIFIER = "chinaman.Calculator-SFUITests";
				PRODUCT_NAME = "$(TARGET_NAME)";
				SWIFT_VERSION = 3.0;
				TEST_TARGET_NAME = Calculator_SF;
			};
			name = Release;
		};
/* End XCBuildConfiguration section */

/* Begin XCConfigurationList section */
		3137C61A1E5AEE8900313023 /* Build configuration list for PBXProject "Calculator_SF" */ = {
			isa = XCConfigurationList;
			buildConfigurations = (
				3137C6481E5AEE8900313023 /* Debug */,
				3137C6491E5AEE8900313023 /* Release */,
			);
			defaultConfigurationIsVisible = 0;
			defaultConfigurationName = Release;
		};
		3137C64A1E5AEE8900313023 /* Build configuration list for PBXNativeTarget "Calculator_SF" */ = {
			isa = XCConfigurationList;
			buildConfigurations = (
				3137C64B1E5AEE8900313023 /* Debug */,
				3137C64C1E5AEE8900313023 /* Release */,
			);
			defaultConfigurationIsVisible = 0;
		};
		3137C64D1E5AEE8900313023 /* Build configuration list for PBXNativeTarget "Calculator_SFTests" */ = {
			isa = XCConfigurationList;
			buildConfigurations = (
				3137C64E1E5AEE8900313023 /* Debug */,
				3137C64F1E5AEE8900313023 /* Release */,
			);
			defaultConfigurationIsVisible = 0;
		};
		3137C6501E5AEE8900313023 /* Build configuration list for PBXNativeTarget "Calculator_SFUITests" */ = {
			isa = XCConfigurationList;
			buildConfigurations = (
				3137C6511E5AEE8900313023 /* Debug */,
				3137C6521E5AEE8900313023 /* Release */,
			);
			defaultConfigurationIsVisible = 0;
		};
/* End XCConfigurationList section */

/* Begin XCVersionGroup section */
		3137C6291E5AEE8900313023 /* Calculator_SF.xcdatamodeld */ = {
			isa = XCVersionGroup;
			children = (
				3137C62A1E5AEE8900313023 /* Calculator_SF.xcdatamodel */,
			);
			currentVersion = 3137C62A1E5AEE8900313023 /* Calculator_SF.xcdatamodel */;
			path = Calculator_SF.xcdatamodeld;
			sourceTree = "<group>";
			versionGroupType = wrapper.xcdatamodel;
		};
/* End XCVersionGroup section */
	};
	rootObject = 3137C6171E5AEE8900313023 /* Project object */;
}
